// !$*UTF8*$!
{
	archiveVersion = 1;
	classes = {
	};
	objectVersion = 50;
	objects = {

/* Begin PBXBuildFile section */
		8D3C11CB240D35F8002EA0A1 /* NoteModel.swift in Sources */ = {isa = PBXBuildFile; fileRef = 8D3C11CA240D35F8002EA0A1 /* NoteModel.swift */; };
		8DAED15223F6E1D800B709AE /* AppDelegate.swift in Sources */ = {isa = PBXBuildFile; fileRef = 8DAED15123F6E1D800B709AE /* AppDelegate.swift */; };
		8DAED15423F6E1D800B709AE /* SceneDelegate.swift in Sources */ = {isa = PBXBuildFile; fileRef = 8DAED15323F6E1D800B709AE /* SceneDelegate.swift */; };
		8DAED15623F6E1D800B709AE /* ContentView.swift in Sources */ = {isa = PBXBuildFile; fileRef = 8DAED15523F6E1D800B709AE /* ContentView.swift */; };
		8DAED15823F6E1DA00B709AE /* Assets.xcassets in Resources */ = {isa = PBXBuildFile; fileRef = 8DAED15723F6E1DA00B709AE /* Assets.xcassets */; };
		8DAED15B23F6E1DA00B709AE /* Preview Assets.xcassets in Resources */ = {isa = PBXBuildFile; fileRef = 8DAED15A23F6E1DA00B709AE /* Preview Assets.xcassets */; };
		8DAED15E23F6E1DA00B709AE /* LaunchScreen.storyboard in Resources */ = {isa = PBXBuildFile; fileRef = 8DAED15C23F6E1DA00B709AE /* LaunchScreen.storyboard */; };
		8DBB4311240D3D400047A599 /* APIHandlerDefault.swift in Sources */ = {isa = PBXBuildFile; fileRef = 8DBB4310240D3D400047A599 /* APIHandlerDefault.swift */; };
		8DBB4313240D3D730047A599 /* DateFormatterExtension.swift in Sources */ = {isa = PBXBuildFile; fileRef = 8DBB4312240D3D730047A599 /* DateFormatterExtension.swift */; };
/* End PBXBuildFile section */

/* Begin PBXFileReference section */
		8D3C11CA240D35F8002EA0A1 /* NoteModel.swift */ = {isa = PBXFileReference; lastKnownFileType = sourcecode.swift; path = NoteModel.swift; sourceTree = "<group>"; };
		8DAED14E23F6E1D800B709AE /* swiftuiProjetoREST.app */ = {isa = PBXFileReference; explicitFileType = wrapper.application; includeInIndex = 0; path = swiftuiProjetoREST.app; sourceTree = BUILT_PRODUCTS_DIR; };
		8DAED15123F6E1D800B709AE /* AppDelegate.swift */ = {isa = PBXFileReference; lastKnownFileType = sourcecode.swift; path = AppDelegate.swift; sourceTree = "<group>"; };
		8DAED15323F6E1D800B709AE /* SceneDelegate.swift */ = {isa = PBXFileReference; lastKnownFileType = sourcecode.swift; path = SceneDelegate.swift; sourceTree = "<group>"; };
		8DAED15523F6E1D800B709AE /* ContentView.swift */ = {isa = PBXFileReference; lastKnownFileType = sourcecode.swift; path = ContentView.swift; sourceTree = "<group>"; };
		8DAED15723F6E1DA00B709AE /* Assets.xcassets */ = {isa = PBXFileReference; lastKnownFileType = folder.assetcatalog; path = Assets.xcassets; sourceTree = "<group>"; };
		8DAED15A23F6E1DA00B709AE /* Preview Assets.xcassets */ = {isa = PBXFileReference; lastKnownFileType = folder.assetcatalog; path = "Preview Assets.xcassets"; sourceTree = "<group>"; };
		8DAED15D23F6E1DA00B709AE /* Base */ = {isa = PBXFileReference; lastKnownFileType = file.storyboard; name = Base; path = Base.lproj/LaunchScreen.storyboard; sourceTree = "<group>"; };
		8DAED15F23F6E1DA00B709AE /* Info.plist */ = {isa = PBXFileReference; lastKnownFileType = text.plist.xml; path = Info.plist; sourceTree = "<group>"; };
		8DBB4310240D3D400047A599 /* APIHandlerDefault.swift */ = {isa = PBXFileReference; lastKnownFileType = sourcecode.swift; path = APIHandlerDefault.swift; sourceTree = "<group>"; };
		8DBB4312240D3D730047A599 /* DateFormatterExtension.swift */ = {isa = PBXFileReference; lastKnownFileType = sourcecode.swift; path = DateFormatterExtension.swift; sourceTree = "<group>"; };
/* End PBXFileReference section */

/* Begin PBXFrameworksBuildPhase section */
		8DAED14B23F6E1D800B709AE /* Frameworks */ = {
			isa = PBXFrameworksBuildPhase;
			buildActionMask = 2147483647;
			files = (
			);
			runOnlyForDeploymentPostprocessing = 0;
		};
/* End PBXFrameworksBuildPhase section */

/* Begin PBXGroup section */
		8D3C11CC240D360E002EA0A1 /* Model */ = {
			isa = PBXGroup;
			children = (
				8D3C11CA240D35F8002EA0A1 /* NoteModel.swift */,
			);
			path = Model;
			sourceTree = "<group>";
		};
		8DAED14523F6E1D800B709AE = {
			isa = PBXGroup;
			children = (
				8DAED15023F6E1D800B709AE /* swiftuiProjetoREST */,
				8DAED14F23F6E1D800B709AE /* Products */,
			);
			sourceTree = "<group>";
		};
		8DAED14F23F6E1D800B709AE /* Products */ = {
			isa = PBXGroup;
			children = (
				8DAED14E23F6E1D800B709AE /* swiftuiProjetoREST.app */,
			);
			name = Products;
			sourceTree = "<group>";
		};
		8DAED15023F6E1D800B709AE /* swiftuiProjetoREST */ = {
			isa = PBXGroup;
			children = (
				8DAED15123F6E1D800B709AE /* AppDelegate.swift */,
				8DAED15323F6E1D800B709AE /* SceneDelegate.swift */,
				8DBB4316240D3DC00047A599 /* View */,
				8D3C11CC240D360E002EA0A1 /* Model */,
				8DBB4315240D3DA50047A599 /* Controller */,
				8DBB4314240D3D810047A599 /* Extensions */,
				8DAED15723F6E1DA00B709AE /* Assets.xcassets */,
				8DAED15C23F6E1DA00B709AE /* LaunchScreen.storyboard */,
				8DAED15F23F6E1DA00B709AE /* Info.plist */,
				8DAED15923F6E1DA00B709AE /* Preview Content */,
			);
			path = swiftuiProjetoREST;
			sourceTree = "<group>";
		};
		8DAED15923F6E1DA00B709AE /* Preview Content */ = {
			isa = PBXGroup;
			children = (
				8DAED15A23F6E1DA00B709AE /* Preview Assets.xcassets */,
			);
			path = "Preview Content";
			sourceTree = "<group>";
		};
		8DBB4314240D3D810047A599 /* Extensions */ = {
			isa = PBXGroup;
			children = (
				8DBB4312240D3D730047A599 /* DateFormatterExtension.swift */,
			);
			path = Extensions;
			sourceTree = "<group>";
		};
		8DBB4315240D3DA50047A599 /* Controller */ = {
			isa = PBXGroup;
			children = (
				8DBB4310240D3D400047A599 /* APIHandlerDefault.swift */,
			);
			path = Controller;
			sourceTree = "<group>";
		};
		8DBB4316240D3DC00047A599 /* View */ = {
			isa = PBXGroup;
			children = (
				8DAED15523F6E1D800B709AE /* ContentView.swift */,
			);
			path = View;
			sourceTree = "<group>";
		};
/* End PBXGroup section */

/* Begin PBXNativeTarget section */
		8DAED14D23F6E1D800B709AE /* swiftuiProjetoREST */ = {
			isa = PBXNativeTarget;
			buildConfigurationList = 8DAED16223F6E1DA00B709AE /* Build configuration list for PBXNativeTarget "swiftuiProjetoREST" */;
			buildPhases = (
				8DAED14A23F6E1D800B709AE /* Sources */,
				8DAED14B23F6E1D800B709AE /* Frameworks */,
				8DAED14C23F6E1D800B709AE /* Resources */,
			);
			buildRules = (
			);
			dependencies = (
			);
			name = swiftuiProjetoREST;
			productName = swiftuiProjetoREST;
			productReference = 8DAED14E23F6E1D800B709AE /* swiftuiProjetoREST.app */;
			productType = "com.apple.product-type.application";
		};
/* End PBXNativeTarget section */

/* Begin PBXProject section */
		8DAED14623F6E1D800B709AE /* Project object */ = {
			isa = PBXProject;
			attributes = {
				LastSwiftUpdateCheck = 1130;
				LastUpgradeCheck = 1130;
				ORGANIZATIONNAME = "Pietro Pugliesi";
				TargetAttributes = {
					8DAED14D23F6E1D800B709AE = {
						CreatedOnToolsVersion = 11.3.1;
					};
				};
			};
			buildConfigurationList = 8DAED14923F6E1D800B709AE /* Build configuration list for PBXProject "swiftuiProjetoREST" */;
			compatibilityVersion = "Xcode 9.3";
			developmentRegion = en;
			hasScannedForEncodings = 0;
			knownRegions = (
				en,
				Base,
			);
			mainGroup = 8DAED14523F6E1D800B709AE;
			productRefGroup = 8DAED14F23F6E1D800B709AE /* Products */;
			projectDirPath = "";
			projectRoot = "";
			targets = (
				8DAED14D23F6E1D800B709AE /* swiftuiProjetoREST */,
			);
		};
/* End PBXProject section */

/* Begin PBXResourcesBuildPhase section */
		8DAED14C23F6E1D800B709AE /* Resources */ = {
			isa = PBXResourcesBuildPhase;
			buildActionMask = 2147483647;
			files = (
				8DAED15E23F6E1DA00B709AE /* LaunchScreen.storyboard in Resources */,
				8DAED15B23F6E1DA00B709AE /* Preview Assets.xcassets in Resources */,
				8DAED15823F6E1DA00B709AE /* Assets.xcassets in Resources */,
			);
			runOnlyForDeploymentPostprocessing = 0;
		};
/* End PBXResourcesBuildPhase section */

/* Begin PBXSourcesBuildPhase section */
		8DAED14A23F6E1D800B709AE /* Sources */ = {
			isa = PBXSourcesBuildPhase;
			buildActionMask = 2147483647;
			files = (
				8DAED15223F6E1D800B709AE /* AppDelegate.swift in Sources */,
				8DBB4311240D3D400047A599 /* APIHandlerDefault.swift in Sources */,
				8DBB4313240D3D730047A599 /* DateFormatterExtension.swift in Sources */,
				8D3C11CB240D35F8002EA0A1 /* NoteModel.swift in Sources */,
				8DAED15423F6E1D800B709AE /* SceneDelegate.swift in Sources */,
				8DAED15623F6E1D800B709AE /* ContentView.swift in Sources */,
			);
			runOnlyForDeploymentPostprocessing = 0;
		};
/* End PBXSourcesBuildPhase section */

/* Begin PBXVariantGroup section */
		8DAED15C23F6E1DA00B709AE /* LaunchScreen.storyboard */ = {
			isa = PBXVariantGroup;
			children = (
				8DAED15D23F6E1DA00B709AE /* Base */,
			);
			name = LaunchScreen.storyboard;
			sourceTree = "<group>";
		};
/* End PBXVariantGroup section */

/* Begin XCBuildConfiguration section */
		8DAED16023F6E1DA00B709AE /* Debug */ = {
			isa = XCBuildConfiguration;
			buildSettings = {
				ALWAYS_SEARCH_USER_PATHS = NO;
				CLANG_ANALYZER_NONNULL = YES;
				CLANG_ANALYZER_NUMBER_OBJECT_CONVERSION = YES_AGGRESSIVE;
				CLANG_CXX_LANGUAGE_STANDARD = "gnu++14";
				CLANG_CXX_LIBRARY = "libc++";
				CLANG_ENABLE_MODULES = YES;
				CLANG_ENABLE_OBJC_ARC = YES;
				CLANG_ENABLE_OBJC_WEAK = YES;
				CLANG_WARN_BLOCK_CAPTURE_AUTORELEASING = YES;
				CLANG_WARN_BOOL_CONVERSION = YES;
				CLANG_WARN_COMMA = YES;
				CLANG_WARN_CONSTANT_CONVERSION = YES;
				CLANG_WARN_DEPRECATED_OBJC_IMPLEMENTATIONS = YES;
				CLANG_WARN_DIRECT_OBJC_ISA_USAGE = YES_ERROR;
				CLANG_WARN_DOCUMENTATION_COMMENTS = YES;
				CLANG_WARN_EMPTY_BODY = YES;
				CLANG_WARN_ENUM_CONVERSION = YES;
				CLANG_WARN_INFINITE_RECURSION = YES;
				CLANG_WARN_INT_CONVERSION = YES;
				CLANG_WARN_NON_LITERAL_NULL_CONVERSION = YES;
				CLANG_WARN_OBJC_IMPLICIT_RETAIN_SELF = YES;
				CLANG_WARN_OBJC_LITERAL_CONVERSION = YES;
				CLANG_WARN_OBJC_ROOT_CLASS = YES_ERROR;
				CLANG_WARN_RANGE_LOOP_ANALYSIS = YES;
				CLANG_WARN_STRICT_PROTOTYPES = YES;
				CLANG_WARN_SUSPICIOUS_MOVE = YES;
				CLANG_WARN_UNGUARDED_AVAILABILITY = YES_AGGRESSIVE;
				CLANG_WARN_UNREACHABLE_CODE = YES;
				CLANG_WARN__DUPLICATE_METHOD_MATCH = YES;
				COPY_PHASE_STRIP = NO;
				DEBUG_INFORMATION_FORMAT = dwarf;
				ENABLE_STRICT_OBJC_MSGSEND = YES;
				ENABLE_TESTABILITY = YES;
				GCC_C_LANGUAGE_STANDARD = gnu11;
				GCC_DYNAMIC_NO_PIC = NO;
				GCC_NO_COMMON_BLOCKS = YES;
				GCC_OPTIMIZATION_LEVEL = 0;
				GCC_PREPROCESSOR_DEFINITIONS = (
					"DEBUG=1",
					"$(inherited)",
				);
				GCC_WARN_64_TO_32_BIT_CONVERSION = YES;
				GCC_WARN_ABOUT_RETURN_TYPE = YES_ERROR;
				GCC_WARN_UNDECLARED_SELECTOR = YES;
				GCC_WARN_UNINITIALIZED_AUTOS = YES_AGGRESSIVE;
				GCC_WARN_UNUSED_FUNCTION = YES;
				GCC_WARN_UNUSED_VARIABLE = YES;
				IPHONEOS_DEPLOYMENT_TARGET = 13.2;
				MTL_ENABLE_DEBUG_INFO = INCLUDE_SOURCE;
				MTL_FAST_MATH = YES;
				ONLY_ACTIVE_ARCH = YES;
				SDKROOT = iphoneos;
				SWIFT_ACTIVE_COMPILATION_CONDITIONS = DEBUG;
				SWIFT_OPTIMIZATION_LEVEL = "-Onone";
			};
			name = Debug;
		};
		8DAED16123F6E1DA00B709AE /* Release */ = {
			isa = XCBuildConfiguration;
			buildSettings = {
				ALWAYS_SEARCH_USER_PATHS = NO;
				CLANG_ANALYZER_NONNULL = YES;
				CLANG_ANALYZER_NUMBER_OBJECT_CONVERSION = YES_AGGRESSIVE;
				CLANG_CXX_LANGUAGE_STANDARD = "gnu++14";
				CLANG_CXX_LIBRARY = "libc++";
				CLANG_ENABLE_MODULES = YES;
				CLANG_ENABLE_OBJC_ARC = YES;
				CLANG_ENABLE_OBJC_WEAK = YES;
				CLANG_WARN_BLOCK_CAPTURE_AUTORELEASING = YES;
				CLANG_WARN_BOOL_CONVERSION = YES;
				CLANG_WARN_COMMA = YES;
				CLANG_WARN_CONSTANT_CONVERSION = YES;
				CLANG_WARN_DEPRECATED_OBJC_IMPLEMENTATIONS = YES;
				CLANG_WARN_DIRECT_OBJC_ISA_USAGE = YES_ERROR;
				CLANG_WARN_DOCUMENTATION_COMMENTS = YES;
				CLANG_WARN_EMPTY_BODY = YES;
				CLANG_WARN_ENUM_CONVERSION = YES;
				CLANG_WARN_INFINITE_RECURSION = YES;
				CLANG_WARN_INT_CONVERSION = YES;
				CLANG_WARN_NON_LITERAL_NULL_CONVERSION = YES;
				CLANG_WARN_OBJC_IMPLICIT_RETAIN_SELF = YES;
				CLANG_WARN_OBJC_LITERAL_CONVERSION = YES;
				CLANG_WARN_OBJC_ROOT_CLASS = YES_ERROR;
				CLANG_WARN_RANGE_LOOP_ANALYSIS = YES;
				CLANG_WARN_STRICT_PROTOTYPES = YES;
				CLANG_WARN_SUSPICIOUS_MOVE = YES;
				CLANG_WARN_UNGUARDED_AVAILABILITY = YES_AGGRESSIVE;
				CLANG_WARN_UNREACHABLE_CODE = YES;
				CLANG_WARN__DUPLICATE_METHOD_MATCH = YES;
				COPY_PHASE_STRIP = NO;
				DEBUG_INFORMATION_FORMAT = "dwarf-with-dsym";
				ENABLE_NS_ASSERTIONS = NO;
				ENABLE_STRICT_OBJC_MSGSEND = YES;
				GCC_C_LANGUAGE_STANDARD = gnu11;
				GCC_NO_COMMON_BLOCKS = YES;
				GCC_WARN_64_TO_32_BIT_CONVERSION = YES;
				GCC_WARN_ABOUT_RETURN_TYPE = YES_ERROR;
				GCC_WARN_UNDECLARED_SELECTOR = YES;
				GCC_WARN_UNINITIALIZED_AUTOS = YES_AGGRESSIVE;
				GCC_WARN_UNUSED_FUNCTION = YES;
				GCC_WARN_UNUSED_VARIABLE = YES;
				IPHONEOS_DEPLOYMENT_TARGET = 13.2;
				MTL_ENABLE_DEBUG_INFO = NO;
				MTL_FAST_MATH = YES;
				SDKROOT = iphoneos;
				SWIFT_COMPILATION_MODE = wholemodule;
				SWIFT_OPTIMIZATION_LEVEL = "-O";
				VALIDATE_PRODUCT = YES;
			};
			name = Release;
		};
		8DAED16323F6E1DA00B709AE /* Debug */ = {
			isa = XCBuildConfiguration;
			buildSettings = {
				ASSETCATALOG_COMPILER_APPICON_NAME = AppIcon;
				CODE_SIGN_STYLE = Automatic;
				DEVELOPMENT_ASSET_PATHS = "\"swiftuiProjetoREST/Preview Content\"";
				DEVELOPMENT_TEAM = HHRZ35A37Y;
				ENABLE_PREVIEWS = YES;
				INFOPLIST_FILE = swiftuiProjetoREST/Info.plist;
				LD_RUNPATH_SEARCH_PATHS = (
					"$(inherited)",
					"@executable_path/Frameworks",
				);
				PRODUCT_BUNDLE_IDENTIFIER = pietropugliesi.swiftuiProjetoREST;
				PRODUCT_NAME = "$(TARGET_NAME)";
				SWIFT_VERSION = 5.0;
				TARGETED_DEVICE_FAMILY = "1,2";
			};
			name = Debug;
		};
		8DAED16423F6E1DA00B709AE /* Release */ = {
			isa = XCBuildConfiguration;
			buildSettings = {
				ASSETCATALOG_COMPILER_APPICON_NAME = AppIcon;
				CODE_SIGN_STYLE = Automatic;
				DEVELOPMENT_ASSET_PATHS = "\"swiftuiProjetoREST/Preview Content\"";
				DEVELOPMENT_TEAM = HHRZ35A37Y;
				ENABLE_PREVIEWS = YES;
				INFOPLIST_FILE = swiftuiProjetoREST/Info.plist;
				LD_RUNPATH_SEARCH_PATHS = (
					"$(inherited)",
					"@executable_path/Frameworks",
				);
				PRODUCT_BUNDLE_IDENTIFIER = pietropugliesi.swiftuiProjetoREST;
				PRODUCT_NAME = "$(TARGET_NAME)";
				SWIFT_VERSION = 5.0;
				TARGETED_DEVICE_FAMILY = "1,2";
			};
			name = Release;
		};
/* End XCBuildConfiguration section */

/* Begin XCConfigurationList section */
		8DAED14923F6E1D800B709AE /* Build configuration list for PBXProject "swiftuiProjetoREST" */ = {
			isa = XCConfigurationList;
			buildConfigurations = (
				8DAED16023F6E1DA00B709AE /* Debug */,
				8DAED16123F6E1DA00B709AE /* Release */,
			);
			defaultConfigurationIsVisible = 0;
			defaultConfigurationName = Release;
		};
		8DAED16223F6E1DA00B709AE /* Build configuration list for PBXNativeTarget "swiftuiProjetoREST" */ = {
			isa = XCConfigurationList;
			buildConfigurations = (
				8DAED16323F6E1DA00B709AE /* Debug */,
				8DAED16423F6E1DA00B709AE /* Release */,
			);
			defaultConfigurationIsVisible = 0;
			defaultConfigurationName = Release;
		};
/* End XCConfigurationList section */
	};
	rootObject = 8DAED14623F6E1D800B709AE /* Project object */;
}
